
Microsoft Visual Studio Solution File, Format Version 11.00
# Visual Studio 2010
Project("{FAE04EC0-301F-11D3-BF4B-00C04F79EFBC}") = "Encryptamajig", "Encryptamajig\Encryptamajig.csproj", "{C9385513-156E-43BB-9120-110905C5C528}"
EndProject
Project("{FAE04EC0-301F-11D3-BF4B-00C04F79EFBC}") = "Encryptamajig.Tests", "Encryptamajig.Tests\Encryptamajig.Tests.csproj", "{7416C94A-18CA-42F6-BD4F-1F113A8BC303}"
EndProject
Global
	GlobalSection(SolutionConfigurationPlatforms) = preSolution
		Debug|Any CPU = Debug|Any CPU
		Release|Any CPU = Release|Any CPU
	EndGlobalSection
	GlobalSection(ProjectConfigurationPlatforms) = postSolution
		{C9385513-156E-43BB-9120-110905C5C528}.Debug|Any CPU.ActiveCfg = Debug|Any CPU
		{C9385513-156E-43BB-9120-110905C5C528}.Debug|Any CPU.Build.0 = Debug|Any CPU
		{C9385513-156E-43BB-9120-110905C5C528}.Release|Any CPU.ActiveCfg = Release|Any CPU
		{C9385513-156E-43BB-9120-110905C5C528}.Release|Any CPU.Build.0 = Release|Any CPU
		{7416C94A-18CA-42F6-BD4F-1F113A8BC303}.Debug|Any CPU.ActiveCfg = Debug|Any CPU
		{7416C94A-18CA-42F6-BD4F-1F113A8BC303}.Debug|Any CPU.Build.0 = Debug|Any CPU
		{7416C94A-18CA-42F6-BD4F-1F113A8BC303}.Release|Any CPU.ActiveCfg = Release|Any CPU
		{7416C94A-18CA-42F6-BD4F-1F113A8BC303}.Release|Any CPU.Build.0 = Release|Any CPU
	EndGlobalSection
	GlobalSection(SolutionProperties) = preSolution
		HideSolutionNode = FALSE
	EndGlobalSection
EndGlobal
